
Microsoft Visual Studio Solution File, Format Version 12.00
# Visual Studio Version 16
VisualStudioVersion = 16.0.31402.337
MinimumVisualStudioVersion = 10.0.40219.1
Project("{FAE04EC0-301F-11D3-BF4B-00C04F79EFBC}") = "Компьютерный практикум 5", "Компьютерный практикум 5.csproj", "{1FD527C3-2758-4174-B319-FB4AE7850C55}"
EndProject
Global
	GlobalSection(SolutionConfigurationPlatforms) = preSolution
		Debug|Any CPU = Debug|Any CPU
		Release|Any CPU = Release|Any CPU
	EndGlobalSection
	GlobalSection(ProjectConfigurationPlatforms) = postSolution
		{1FD527C3-2758-4174-B319-FB4AE7850C55}.Debug|Any CPU.ActiveCfg = Debug|Any CPU
		{1FD527C3-2758-4174-B319-FB4AE7850C55}.Debug|Any CPU.Build.0 = Debug|Any CPU
		{1FD527C3-2758-4174-B319-FB4AE7850C55}.Release|Any CPU.ActiveCfg = Release|Any CPU
		{1FD527C3-2758-4174-B319-FB4AE7850C55}.Release|Any CPU.Build.0 = Release|Any CPU
	EndGlobalSection
	GlobalSection(SolutionProperties) = preSolution
		HideSolutionNode = FALSE
	EndGlobalSection
	GlobalSection(ExtensibilityGlobals) = postSolution
		SolutionGuid = {13A9C8DF-F9C6-4A15-922F-6B5A89EC2B2B}
	EndGlobalSection
EndGlobal
